
Microsoft Visual Studio Solution File, Format Version 12.00
# Visual Studio Version 16
VisualStudioVersion = 16.0.31624.102
MinimumVisualStudioVersion = 10.0.40219.1
Project("{FAE04EC0-301F-11D3-BF4B-00C04F79EFBC}") = "RestDevOps", "RestDevOps\RestDevOps.csproj", "{CCC3D27C-27FC-4496-9530-B7EB9BAE11DF}"
EndProject
Project("{FAE04EC0-301F-11D3-BF4B-00C04F79EFBC}") = "RestDevOpsTests", "RestDevOpsTests\RestDevOpsTests.csproj", "{5F2710D5-BE5C-4A69-AEDF-18BCB0EEA510}"
EndProject
Global
	GlobalSection(SolutionConfigurationPlatforms) = preSolution
		Debug|Any CPU = Debug|Any CPU
		Release|Any CPU = Release|Any CPU
	EndGlobalSection
	GlobalSection(ProjectConfigurationPlatforms) = postSolution
		{CCC3D27C-27FC-4496-9530-B7EB9BAE11DF}.Debug|Any CPU.ActiveCfg = Debug|Any CPU
		{CCC3D27C-27FC-4496-9530-B7EB9BAE11DF}.Debug|Any CPU.Build.0 = Debug|Any CPU
		{CCC3D27C-27FC-4496-9530-B7EB9BAE11DF}.Release|Any CPU.ActiveCfg = Release|Any CPU
		{CCC3D27C-27FC-4496-9530-B7EB9BAE11DF}.Release|Any CPU.Build.0 = Release|Any CPU
		{5F2710D5-BE5C-4A69-AEDF-18BCB0EEA510}.Debug|Any CPU.ActiveCfg = Debug|Any CPU
		{5F2710D5-BE5C-4A69-AEDF-18BCB0EEA510}.Debug|Any CPU.Build.0 = Debug|Any CPU
		{5F2710D5-BE5C-4A69-AEDF-18BCB0EEA510}.Release|Any CPU.ActiveCfg = Release|Any CPU
		{5F2710D5-BE5C-4A69-AEDF-18BCB0EEA510}.Release|Any CPU.Build.0 = Release|Any CPU
	EndGlobalSection
	GlobalSection(SolutionProperties) = preSolution
		HideSolutionNode = FALSE
	EndGlobalSection
	GlobalSection(ExtensibilityGlobals) = postSolution
		SolutionGuid = {EFF5F182-7CEB-48B0-BE77-02A42937282A}
	EndGlobalSection
EndGlobal
